GIT
  remote: https://github.com/documentcloud/jammit.git
  revision: 332eebc9bd4507b1ed94816acaa0740fbe2a9b36
  specs:
    jammit (0.6.6)
      cssmin (>= 1.0.3)
      jsmin (>= 1.0.1)

GIT
  remote: https://github.com/documentcloud/right_aws.git
  revision: 57beab61fac4a621614b67f2014ec879bac25890
  specs:
    right_aws (2.0.1)

GEM
  remote: https://rubygems.org/
  specs:
    actionmailer (4.0.0)
      actionpack (= 4.0.0)
      mail (~> 2.5.3)
    actionpack (4.0.0)
      activesupport (= 4.0.0)
      builder (~> 3.1.0)
      erubis (~> 2.7.0)
      rack (~> 1.5.2)
      rack-test (~> 0.6.2)
    activemodel (4.0.0)
      activesupport (= 4.0.0)
      builder (~> 3.1.0)
    activerecord (4.0.0)
      activemodel (= 4.0.0)
      activerecord-deprecated_finders (~> 1.0.2)
      activesupport (= 4.0.0)
      arel (~> 4.0.0)
    activerecord-deprecated_finders (1.0.3)
    activesupport (4.0.0)
      i18n (~> 0.6, >= 0.6.4)
      minitest (~> 4.2)
      multi_json (~> 1.3)
      thread_safe (~> 0.1)
      tzinfo (~> 0.3.37)
    arel (4.0.0)
    atomic (1.1.10)
    aws-sdk (1.11.3)
      json (~> 1.4)
      nokogiri (< 1.6.0)
      uuidtools (~> 2.1)
    bcrypt-ruby (3.1.1)
    builder (3.1.4)
    calais (0.0.13)
      json (>= 1.1.3)
      nokogiri (>= 1.3.3)
    closure-compiler (1.1.10)
    cloud-crowd (0.3.3)
      activerecord (>= 2.3.3)
      json (>= 1.1.7)
      rest-client (>= 1.0.3)
      right_aws (>= 1.10.0)
      sinatra (>= 0.9.4)
      thin (>= 1.2.4)
    cssmin (1.0.3)
    curb (0.8.4)
    daemons (1.1.9)
    docsplit (0.7.2)
    erubis (2.7.0)
    eventmachine (1.0.3)
    faraday (0.8.7)
      multipart-post (~> 1.1)
    hashie (2.0.5)
    hike (1.2.3)
    httpauth (0.2.0)
    i18n (0.6.4)
    iconv (1.0.3)
    jsmin (1.0.1)
    json (1.8.0)
    jwt (0.1.8)
      multi_json (>= 1.5)
    mail (2.5.4)
      mime-types (~> 1.16)
      treetop (~> 1.4.8)
    mime-types (1.23)
    minitest (4.7.5)
    minitest-emoji (1.0.0)
    minitest-spec-rails (4.7.2)
      minitest (~> 4.7)
      rails (>= 3.0)
    multi_json (1.7.7)
    multipart-post (1.2.0)
    nokogiri (1.5.6)
    oauth (0.4.7)
    oauth2 (0.8.1)
      faraday (~> 0.8)
      httpauth (~> 0.1)
      jwt (~> 0.1.4)
      multi_json (~> 1.0)
      rack (~> 1.2)
    omniauth (1.1.4)
      hashie (>= 1.2, < 3)
      rack
    omniauth-facebook (1.4.1)
      omniauth-oauth2 (~> 1.1.0)
    omniauth-google-oauth2 (0.2.0)
      omniauth (~> 1.0)
      omniauth-oauth2
    omniauth-oauth (1.0.1)
      oauth
      omniauth (~> 1.0)
    omniauth-oauth2 (1.1.1)
      oauth2 (~> 0.8.0)
      omniauth (~> 1.0)
    omniauth-twitter (1.0.0)
      multi_json (~> 1.3)
      omniauth-oauth (~> 1.0)
    pg (0.15.1)
    polyglot (0.3.3)
    pr_geohash (1.0.0)
    rack (1.5.2)
    rack-protection (1.5.0)
      rack
    rack-test (0.6.2)
      rack (>= 1.0)
    rails (4.0.0)
      actionmailer (= 4.0.0)
      actionpack (= 4.0.0)
      activerecord (= 4.0.0)
      activesupport (= 4.0.0)
      bundler (>= 1.3.0, < 2.0)
      railties (= 4.0.0)
      sprockets-rails (~> 2.0.0)
    railties (4.0.0)
      actionpack (= 4.0.0)
      activesupport (= 4.0.0)
      rake (>= 0.8.7)
      thor (>= 0.18.1, < 2.0)
    rake (10.1.0)
    rdiscount (2.1.6)
    rest-client (1.6.7)
      mime-types (>= 1.16)
    right_http_connection (1.4.0)
    rsolr (1.0.9)
      builder (>= 2.1.2)
    rubyzip (0.9.9)
    sanitize (2.0.6)
      nokogiri (>= 1.4.4)
    sinatra (1.4.3)
      rack (~> 1.4)
      rack-protection (~> 1.4)
      tilt (~> 1.3, >= 1.3.4)
    sprockets (2.10.0)
      hike (~> 1.2)
      multi_json (~> 1.0)
      rack (~> 1.0)
      tilt (~> 1.1, != 1.3.0)
    sprockets-rails (2.0.0)
      actionpack (>= 3.0)
      activesupport (>= 3.0)
      sprockets (~> 2.8)
    sqlite3 (1.3.7)
    sunspot (2.0.0)
      pr_geohash (~> 1.0)
      rsolr (~> 1.0.7)
    sunspot_rails (2.0.0)
      nokogiri
      sunspot (= 2.0.0)
    sunspot_solr (2.0.0)
    thin (1.5.1)
      daemons (>= 1.0.9)
      eventmachine (>= 0.12.6)
      rack (>= 1.0.0)
    thor (0.18.1)
    thread_safe (0.1.0)
      atomic
    tilt (1.4.1)
    treetop (1.4.14)
      polyglot
      polyglot (>= 0.3.1)
    tzinfo (0.3.37)
    uuidtools (2.1.4)

PLATFORMS
  ruby

DEPENDENCIES
  aws-sdk (~> 1.11.1)
  bcrypt-ruby (~> 3.1.1)
  calais (~> 0.0.13)
  closure-compiler
  cloud-crowd (~> 0.3.3)
  curb (~> 0.8.4)
  docsplit (>= 0.6.4)
  iconv
  jammit (= 0.6.6)!
  minitest-emoji
  minitest-spec-rails
  nokogiri (= 1.5.6)
  omniauth (~> 1.1.4)
  omniauth-facebook (~> 1.4.1)
  omniauth-google-oauth2 (~> 0.2.0)
  omniauth-twitter (~> 1.0)
  pg (~> 0.15.1)
  rails (~> 4.0)
  rake
  rdiscount (~> 2.1.6)
  rest-client (~> 1.6.7)
  right_aws (= 2.0.1)!
  right_http_connection
  rubyzip (~> 0.9.9)
  sanitize (~> 2.0.6)
  sqlite3 (~> 1.3.7)
  sunspot_rails (~> 2.0)
  sunspot_solr (~> 2.0.0)
